
Microsoft Visual Studio Solution File, Format Version 12.00
# Visual Studio Version 16
VisualStudioVersion = 16.0.28803.156
MinimumVisualStudioVersion = 10.0.40219.1
Project("{FAE04EC0-301F-11D3-BF4B-00C04F79EFBC}") = "MarkTek.Devops.SharePoint.PowerShellModule", "MarkTek.Devops.SharePoint.PowerShellModule\MarkTek.Devops.SharePoint.PowerShellModule.csproj", "{0FB004F9-515F-4951-999E-A8FBC902E895}"
EndProject
Project("{FAE04EC0-301F-11D3-BF4B-00C04F79EFBC}") = "MarkTek.DevOps.VstsExtensions", "MarkTek.DevOps.VstsExtensions\MarkTek.DevOps.VstsExtensions.csproj", "{7FE12518-A07C-4327-B01A-1ED498671D8E}"
EndProject
Project("{FAE04EC0-301F-11D3-BF4B-00C04F79EFBC}") = "MarkTek.SharePoint.VisualStudioExtensions", "MarkTek.SharePoint.VisualStudioExtensions\MarkTek.SharePoint.VisualStudioExtensions.csproj", "{21109F98-A96C-4237-B340-45BE2F42ADB8}"
EndProject
Project("{FAE04EC0-301F-11D3-BF4B-00C04F79EFBC}") = "ClassLibrary3", "ClassLibrary3\ClassLibrary3.csproj", "{A0105587-82D3-4CAA-9169-10ABFAFB55A8}"
EndProject
Global
	GlobalSection(SolutionConfigurationPlatforms) = preSolution
		Debug|Any CPU = Debug|Any CPU
		Release|Any CPU = Release|Any CPU
	EndGlobalSection
	GlobalSection(ProjectConfigurationPlatforms) = postSolution
		{0FB004F9-515F-4951-999E-A8FBC902E895}.Debug|Any CPU.ActiveCfg = Debug|Any CPU
		{0FB004F9-515F-4951-999E-A8FBC902E895}.Debug|Any CPU.Build.0 = Debug|Any CPU
		{0FB004F9-515F-4951-999E-A8FBC902E895}.Release|Any CPU.ActiveCfg = Release|Any CPU
		{0FB004F9-515F-4951-999E-A8FBC902E895}.Release|Any CPU.Build.0 = Release|Any CPU
		{7FE12518-A07C-4327-B01A-1ED498671D8E}.Debug|Any CPU.ActiveCfg = Debug|Any CPU
		{7FE12518-A07C-4327-B01A-1ED498671D8E}.Debug|Any CPU.Build.0 = Debug|Any CPU
		{7FE12518-A07C-4327-B01A-1ED498671D8E}.Release|Any CPU.ActiveCfg = Release|Any CPU
		{7FE12518-A07C-4327-B01A-1ED498671D8E}.Release|Any CPU.Build.0 = Release|Any CPU
		{21109F98-A96C-4237-B340-45BE2F42ADB8}.Debug|Any CPU.ActiveCfg = Debug|Any CPU
		{21109F98-A96C-4237-B340-45BE2F42ADB8}.Debug|Any CPU.Build.0 = Debug|Any CPU
		{21109F98-A96C-4237-B340-45BE2F42ADB8}.Release|Any CPU.ActiveCfg = Release|Any CPU
		{21109F98-A96C-4237-B340-45BE2F42ADB8}.Release|Any CPU.Build.0 = Release|Any CPU
		{A0105587-82D3-4CAA-9169-10ABFAFB55A8}.Debug|Any CPU.ActiveCfg = Debug|Any CPU
		{A0105587-82D3-4CAA-9169-10ABFAFB55A8}.Debug|Any CPU.Build.0 = Debug|Any CPU
		{A0105587-82D3-4CAA-9169-10ABFAFB55A8}.Release|Any CPU.ActiveCfg = Release|Any CPU
		{A0105587-82D3-4CAA-9169-10ABFAFB55A8}.Release|Any CPU.Build.0 = Release|Any CPU
	EndGlobalSection
	GlobalSection(SolutionProperties) = preSolution
		HideSolutionNode = FALSE
	EndGlobalSection
	GlobalSection(ExtensibilityGlobals) = postSolution
		SolutionGuid = {A70F58F3-2524-43D7-A2FA-63B018D882D5}
	EndGlobalSection
EndGlobal
